// !$*UTF8*$!
{
	archiveVersion = 1;
	classes = {
	};
	objectVersion = 46;
	objects = {

/* Begin PBXBuildFile section */
		842DB243204567F1004BDB3E /* AppDelegate.swift in Sources */ = {isa = PBXBuildFile; fileRef = 842DB242204567F1004BDB3E /* AppDelegate.swift */; };
		842DB248204567F1004BDB3E /* Main.storyboard in Resources */ = {isa = PBXBuildFile; fileRef = 842DB246204567F1004BDB3E /* Main.storyboard */; };
		842DB24A204567F1004BDB3E /* Assets.xcassets in Resources */ = {isa = PBXBuildFile; fileRef = 842DB249204567F1004BDB3E /* Assets.xcassets */; };
		842DB24D204567F1004BDB3E /* LaunchScreen.storyboard in Resources */ = {isa = PBXBuildFile; fileRef = 842DB24B204567F1004BDB3E /* LaunchScreen.storyboard */; };
		842DB25520456895004BDB3E /* model.swift in Sources */ = {isa = PBXBuildFile; fileRef = 842DB25420456895004BDB3E /* model.swift */; };
		842DB2572045689A004BDB3E /* fetchJson.swift in Sources */ = {isa = PBXBuildFile; fileRef = 842DB2562045689A004BDB3E /* fetchJson.swift */; };
		842DB25D20456941004BDB3E /* EventNavigationController.swift in Sources */ = {isa = PBXBuildFile; fileRef = 842DB25C20456941004BDB3E /* EventNavigationController.swift */; };
		842DB25F20456979004BDB3E /* MainTabBarController.swift in Sources */ = {isa = PBXBuildFile; fileRef = 842DB25E20456979004BDB3E /* MainTabBarController.swift */; };
		842DB2612045699A004BDB3E /* EventTableViewController.swift in Sources */ = {isa = PBXBuildFile; fileRef = 842DB2602045699A004BDB3E /* EventTableViewController.swift */; };
		84442384204B26DE00EBC722 /* event-data.json in Resources */ = {isa = PBXBuildFile; fileRef = 84442383204B26DD00EBC722 /* event-data.json */; };
		848D2F922045CFC8004CE313 /* AVENGERS.ttf in Resources */ = {isa = PBXBuildFile; fileRef = 848D2F912045CFC8004CE313 /* AVENGERS.ttf */; };
		848D2F942045CFD2004CE313 /* Cookie.ttf in Resources */ = {isa = PBXBuildFile; fileRef = 848D2F932045CFD2004CE313 /* Cookie.ttf */; };
		848D2F962045CFD7004CE313 /* udaanRegular.ttf in Resources */ = {isa = PBXBuildFile; fileRef = 848D2F952045CFD7004CE313 /* udaanRegular.ttf */; };
		848D2F992045E599004CE313 /* DepartmentListTableViewController.swift in Sources */ = {isa = PBXBuildFile; fileRef = 848D2F982045E599004CE313 /* DepartmentListTableViewController.swift */; };
		84C2B5AF2045BB0B00DC27DF /* EventDepartmentTableViewCell.swift in Sources */ = {isa = PBXBuildFile; fileRef = 84C2B5AE2045BB0B00DC27DF /* EventDepartmentTableViewCell.swift */; };
		84EFFC60204BE45C002AF71C /* TeamTableViewController.swift in Sources */ = {isa = PBXBuildFile; fileRef = 84EFFC5F204BE45C002AF71C /* TeamTableViewController.swift */; };
		84EFFC62204BE4DD002AF71C /* team-udaan.json in Resources */ = {isa = PBXBuildFile; fileRef = 84EFFC61204BE4DC002AF71C /* team-udaan.json */; };
		84EFFC64204BEFC8002AF71C /* teamUdaanCell.swift in Sources */ = {isa = PBXBuildFile; fileRef = 84EFFC63204BEFC8002AF71C /* teamUdaanCell.swift */; };
/* End PBXBuildFile section */

/* Begin PBXFileReference section */
		842DB23F204567F1004BDB3E /* Udaan.app */ = {isa = PBXFileReference; explicitFileType = wrapper.application; includeInIndex = 0; path = Udaan.app; sourceTree = BUILT_PRODUCTS_DIR; };
		842DB242204567F1004BDB3E /* AppDelegate.swift */ = {isa = PBXFileReference; lastKnownFileType = sourcecode.swift; path = AppDelegate.swift; sourceTree = "<group>"; };
		842DB247204567F1004BDB3E /* Base */ = {isa = PBXFileReference; lastKnownFileType = file.storyboard; name = Base; path = Base.lproj/Main.storyboard; sourceTree = "<group>"; };
		842DB249204567F1004BDB3E /* Assets.xcassets */ = {isa = PBXFileReference; lastKnownFileType = folder.assetcatalog; path = Assets.xcassets; sourceTree = "<group>"; };
		842DB24C204567F1004BDB3E /* Base */ = {isa = PBXFileReference; lastKnownFileType = file.storyboard; name = Base; path = Base.lproj/LaunchScreen.storyboard; sourceTree = "<group>"; };
		842DB24E204567F1004BDB3E /* Info.plist */ = {isa = PBXFileReference; lastKnownFileType = text.plist.xml; path = Info.plist; sourceTree = "<group>"; };
		842DB25420456895004BDB3E /* model.swift */ = {isa = PBXFileReference; fileEncoding = 4; lastKnownFileType = sourcecode.swift; path = model.swift; sourceTree = "<group>"; };
		842DB2562045689A004BDB3E /* fetchJson.swift */ = {isa = PBXFileReference; fileEncoding = 4; lastKnownFileType = sourcecode.swift; path = fetchJson.swift; sourceTree = "<group>"; };
		842DB25C20456941004BDB3E /* EventNavigationController.swift */ = {isa = PBXFileReference; fileEncoding = 4; lastKnownFileType = sourcecode.swift; path = EventNavigationController.swift; sourceTree = "<group>"; };
		842DB25E20456979004BDB3E /* MainTabBarController.swift */ = {isa = PBXFileReference; fileEncoding = 4; lastKnownFileType = sourcecode.swift; path = MainTabBarController.swift; sourceTree = "<group>"; };
		842DB2602045699A004BDB3E /* EventTableViewController.swift */ = {isa = PBXFileReference; fileEncoding = 4; lastKnownFileType = sourcecode.swift; path = EventTableViewController.swift; sourceTree = "<group>"; };
		84442383204B26DD00EBC722 /* event-data.json */ = {isa = PBXFileReference; fileEncoding = 4; lastKnownFileType = text.json; path = "event-data.json"; sourceTree = "<group>"; };
		848D2F912045CFC8004CE313 /* AVENGERS.ttf */ = {isa = PBXFileReference; lastKnownFileType = file; path = AVENGERS.ttf; sourceTree = "<group>"; };
		848D2F932045CFD2004CE313 /* Cookie.ttf */ = {isa = PBXFileReference; lastKnownFileType = file; path = Cookie.ttf; sourceTree = "<group>"; };
		848D2F952045CFD7004CE313 /* udaanRegular.ttf */ = {isa = PBXFileReference; lastKnownFileType = file; path = udaanRegular.ttf; sourceTree = "<group>"; };
		848D2F982045E599004CE313 /* DepartmentListTableViewController.swift */ = {isa = PBXFileReference; fileEncoding = 4; lastKnownFileType = sourcecode.swift; path = DepartmentListTableViewController.swift; sourceTree = "<group>"; };
		84C2B5AE2045BB0B00DC27DF /* EventDepartmentTableViewCell.swift */ = {isa = PBXFileReference; fileEncoding = 4; lastKnownFileType = sourcecode.swift; path = EventDepartmentTableViewCell.swift; sourceTree = "<group>"; };
		84EFFC5F204BE45C002AF71C /* TeamTableViewController.swift */ = {isa = PBXFileReference; lastKnownFileType = sourcecode.swift; path = TeamTableViewController.swift; sourceTree = "<group>"; };
		84EFFC61204BE4DC002AF71C /* team-udaan.json */ = {isa = PBXFileReference; fileEncoding = 4; lastKnownFileType = text.json; path = "team-udaan.json"; sourceTree = "<group>"; };
		84EFFC63204BEFC8002AF71C /* teamUdaanCell.swift */ = {isa = PBXFileReference; lastKnownFileType = sourcecode.swift; path = teamUdaanCell.swift; sourceTree = "<group>"; };
/* End PBXFileReference section */

/* Begin PBXFrameworksBuildPhase section */
		842DB23C204567F1004BDB3E /* Frameworks */ = {
			isa = PBXFrameworksBuildPhase;
			buildActionMask = 2147483647;
			files = (
			);
			runOnlyForDeploymentPostprocessing = 0;
		};
/* End PBXFrameworksBuildPhase section */

/* Begin PBXGroup section */
		842DB236204567F1004BDB3E = {
			isa = PBXGroup;
			children = (
				842DB241204567F1004BDB3E /* Udaan */,
				842DB240204567F1004BDB3E /* Products */,
			);
			sourceTree = "<group>";
		};
		842DB240204567F1004BDB3E /* Products */ = {
			isa = PBXGroup;
			children = (
				842DB23F204567F1004BDB3E /* Udaan.app */,
			);
			name = Products;
			sourceTree = "<group>";
		};
		842DB241204567F1004BDB3E /* Udaan */ = {
			isa = PBXGroup;
			children = (
				84442383204B26DD00EBC722 /* event-data.json */,
				84EFFC61204BE4DC002AF71C /* team-udaan.json */,
				842DB242204567F1004BDB3E /* AppDelegate.swift */,
				842DB25A204568C7004BDB3E /* Views */,
				842DB25B204568E2004BDB3E /* Controllers */,
				842DB259204568AF004BDB3E /* Models */,
				842DB249204567F1004BDB3E /* Assets.xcassets */,
				842DB24E204567F1004BDB3E /* Info.plist */,
				848D2F972045CFEA004CE313 /* Fonts */,
			);
			path = Udaan;
			sourceTree = "<group>";
		};
		842DB259204568AF004BDB3E /* Models */ = {
			isa = PBXGroup;
			children = (
				842DB2562045689A004BDB3E /* fetchJson.swift */,
				842DB25420456895004BDB3E /* model.swift */,
			);
			name = Models;
			sourceTree = "<group>";
		};
		842DB25A204568C7004BDB3E /* Views */ = {
			isa = PBXGroup;
			children = (
				842DB246204567F1004BDB3E /* Main.storyboard */,
				842DB24B204567F1004BDB3E /* LaunchScreen.storyboard */,
			);
			name = Views;
			sourceTree = "<group>";
		};
		842DB25B204568E2004BDB3E /* Controllers */ = {
			isa = PBXGroup;
			children = (
				842DB25E20456979004BDB3E /* MainTabBarController.swift */,
				842DB25C20456941004BDB3E /* EventNavigationController.swift */,
				842DB2602045699A004BDB3E /* EventTableViewController.swift */,
				84C2B5AE2045BB0B00DC27DF /* EventDepartmentTableViewCell.swift */,
				848D2F982045E599004CE313 /* DepartmentListTableViewController.swift */,
				84EFFC5F204BE45C002AF71C /* TeamTableViewController.swift */,
				84EFFC63204BEFC8002AF71C /* teamUdaanCell.swift */,
			);
			name = Controllers;
			sourceTree = "<group>";
		};
		848D2F972045CFEA004CE313 /* Fonts */ = {
			isa = PBXGroup;
			children = (
				848D2F912045CFC8004CE313 /* AVENGERS.ttf */,
				848D2F932045CFD2004CE313 /* Cookie.ttf */,
				848D2F952045CFD7004CE313 /* udaanRegular.ttf */,
			);
			name = Fonts;
			sourceTree = "<group>";
		};
/* End PBXGroup section */

/* Begin PBXNativeTarget section */
		842DB23E204567F1004BDB3E /* Udaan */ = {
			isa = PBXNativeTarget;
			buildConfigurationList = 842DB251204567F1004BDB3E /* Build configuration list for PBXNativeTarget "Udaan" */;
			buildPhases = (
				842DB23B204567F1004BDB3E /* Sources */,
				842DB23C204567F1004BDB3E /* Frameworks */,
				842DB23D204567F1004BDB3E /* Resources */,
			);
			buildRules = (
			);
			dependencies = (
			);
			name = Udaan;
			productName = Udaan;
			productReference = 842DB23F204567F1004BDB3E /* Udaan.app */;
			productType = "com.apple.product-type.application";
		};
/* End PBXNativeTarget section */

/* Begin PBXProject section */
		842DB237204567F1004BDB3E /* Project object */ = {
			isa = PBXProject;
			attributes = {
				LastSwiftUpdateCheck = 0830;
				LastUpgradeCheck = 0920;
				ORGANIZATIONNAME = BVM;
				TargetAttributes = {
					842DB23E204567F1004BDB3E = {
						CreatedOnToolsVersion = 8.3.3;
						LastSwiftMigration = 0920;
						ProvisioningStyle = Automatic;
					};
				};
			};
			buildConfigurationList = 842DB23A204567F1004BDB3E /* Build configuration list for PBXProject "Udaan" */;
			compatibilityVersion = "Xcode 3.2";
			developmentRegion = English;
			hasScannedForEncodings = 0;
			knownRegions = (
				en,
				Base,
			);
			mainGroup = 842DB236204567F1004BDB3E;
			productRefGroup = 842DB240204567F1004BDB3E /* Products */;
			projectDirPath = "";
			projectRoot = "";
			targets = (
				842DB23E204567F1004BDB3E /* Udaan */,
			);
		};
/* End PBXProject section */

/* Begin PBXResourcesBuildPhase section */
		842DB23D204567F1004BDB3E /* Resources */ = {
			isa = PBXResourcesBuildPhase;
			buildActionMask = 2147483647;
			files = (
				84442384204B26DE00EBC722 /* event-data.json in Resources */,
				848D2F942045CFD2004CE313 /* Cookie.ttf in Resources */,
				842DB24D204567F1004BDB3E /* LaunchScreen.storyboard in Resources */,
				842DB24A204567F1004BDB3E /* Assets.xcassets in Resources */,
				84EFFC62204BE4DD002AF71C /* team-udaan.json in Resources */,
				842DB248204567F1004BDB3E /* Main.storyboard in Resources */,
				848D2F922045CFC8004CE313 /* AVENGERS.ttf in Resources */,
				848D2F962045CFD7004CE313 /* udaanRegular.ttf in Resources */,
			);
			runOnlyForDeploymentPostprocessing = 0;
		};
/* End PBXResourcesBuildPhase section */

/* Begin PBXSourcesBuildPhase section */
		842DB23B204567F1004BDB3E /* Sources */ = {
			isa = PBXSourcesBuildPhase;
			buildActionMask = 2147483647;
			files = (
				842DB25D20456941004BDB3E /* EventNavigationController.swift in Sources */,
				848D2F992045E599004CE313 /* DepartmentListTableViewController.swift in Sources */,
				84C2B5AF2045BB0B00DC27DF /* EventDepartmentTableViewCell.swift in Sources */,
				842DB25520456895004BDB3E /* model.swift in Sources */,
				842DB25F20456979004BDB3E /* MainTabBarController.swift in Sources */,
				84EFFC60204BE45C002AF71C /* TeamTableViewController.swift in Sources */,
				842DB2572045689A004BDB3E /* fetchJson.swift in Sources */,
				842DB2612045699A004BDB3E /* EventTableViewController.swift in Sources */,
				84EFFC64204BEFC8002AF71C /* teamUdaanCell.swift in Sources */,
				842DB243204567F1004BDB3E /* AppDelegate.swift in Sources */,
			);
			runOnlyForDeploymentPostprocessing = 0;
		};
/* End PBXSourcesBuildPhase section */

/* Begin PBXVariantGroup section */
		842DB246204567F1004BDB3E /* Main.storyboard */ = {
			isa = PBXVariantGroup;
			children = (
				842DB247204567F1004BDB3E /* Base */,
			);
			name = Main.storyboard;
			sourceTree = "<group>";
		};
		842DB24B204567F1004BDB3E /* LaunchScreen.storyboard */ = {
			isa = PBXVariantGroup;
			children = (
				842DB24C204567F1004BDB3E /* Base */,
			);
			name = LaunchScreen.storyboard;
			sourceTree = "<group>";
		};
/* End PBXVariantGroup section */

/* Begin XCBuildConfiguration section */
		842DB24F204567F1004BDB3E /* Debug */ = {
			isa = XCBuildConfiguration;
			buildSettings = {
				ALWAYS_SEARCH_USER_PATHS = NO;
				CLANG_ANALYZER_NONNULL = YES;
				CLANG_ANALYZER_NUMBER_OBJECT_CONVERSION = YES_AGGRESSIVE;
				CLANG_CXX_LANGUAGE_STANDARD = "gnu++0x";
				CLANG_CXX_LIBRARY = "libc++";
				CLANG_ENABLE_MODULES = YES;
				CLANG_ENABLE_OBJC_ARC = YES;
				CLANG_WARN_BLOCK_CAPTURE_AUTORELEASING = YES;
				CLANG_WARN_BOOL_CONVERSION = YES;
				CLANG_WARN_COMMA = YES;
				CLANG_WARN_CONSTANT_CONVERSION = YES;
				CLANG_WARN_DIRECT_OBJC_ISA_USAGE = YES_ERROR;
				CLANG_WARN_DOCUMENTATION_COMMENTS = YES;
				CLANG_WARN_EMPTY_BODY = YES;
				CLANG_WARN_ENUM_CONVERSION = YES;
				CLANG_WARN_INFINITE_RECURSION = YES;
				CLANG_WARN_INT_CONVERSION = YES;
				CLANG_WARN_NON_LITERAL_NULL_CONVERSION = YES;
				CLANG_WARN_OBJC_LITERAL_CONVERSION = YES;
				CLANG_WARN_OBJC_ROOT_CLASS = YES_ERROR;
				CLANG_WARN_RANGE_LOOP_ANALYSIS = YES;
				CLANG_WARN_STRICT_PROTOTYPES = YES;
				CLANG_WARN_SUSPICIOUS_MOVE = YES;
				CLANG_WARN_UNREACHABLE_CODE = YES;
				CLANG_WARN__DUPLICATE_METHOD_MATCH = YES;
				"CODE_SIGN_IDENTITY[sdk=iphoneos*]" = "iPhone Developer";
				COPY_PHASE_STRIP = NO;
				DEBUG_INFORMATION_FORMAT = dwarf;
				ENABLE_STRICT_OBJC_MSGSEND = YES;
				ENABLE_TESTABILITY = YES;
				GCC_C_LANGUAGE_STANDARD = gnu99;
				GCC_DYNAMIC_NO_PIC = NO;
				GCC_NO_COMMON_BLOCKS = YES;
				GCC_OPTIMIZATION_LEVEL = 0;
				GCC_PREPROCESSOR_DEFINITIONS = (
					"DEBUG=1",
					"$(inherited)",
				);
				GCC_WARN_64_TO_32_BIT_CONVERSION = YES;
				GCC_WARN_ABOUT_RETURN_TYPE = YES_ERROR;
				GCC_WARN_UNDECLARED_SELECTOR = YES;
				GCC_WARN_UNINITIALIZED_AUTOS = YES_AGGRESSIVE;
				GCC_WARN_UNUSED_FUNCTION = YES;
				GCC_WARN_UNUSED_VARIABLE = YES;
				IPHONEOS_DEPLOYMENT_TARGET = 11.2;
				MTL_ENABLE_DEBUG_INFO = YES;
				ONLY_ACTIVE_ARCH = YES;
				SDKROOT = iphoneos;
				SWIFT_ACTIVE_COMPILATION_CONDITIONS = DEBUG;
				SWIFT_OPTIMIZATION_LEVEL = "-Onone";
				TARGETED_DEVICE_FAMILY = "1,2";
			};
			name = Debug;
		};
		842DB250204567F1004BDB3E /* Release */ = {
			isa = XCBuildConfiguration;
			buildSettings = {
				ALWAYS_SEARCH_USER_PATHS = NO;
				CLANG_ANALYZER_NONNULL = YES;
				CLANG_ANALYZER_NUMBER_OBJECT_CONVERSION = YES_AGGRESSIVE;
				CLANG_CXX_LANGUAGE_STANDARD = "gnu++0x";
				CLANG_CXX_LIBRARY = "libc++";
				CLANG_ENABLE_MODULES = YES;
				CLANG_ENABLE_OBJC_ARC = YES;
				CLANG_WARN_BLOCK_CAPTURE_AUTORELEASING = YES;
				CLANG_WARN_BOOL_CONVERSION = YES;
				CLANG_WARN_COMMA = YES;
				CLANG_WARN_CONSTANT_CONVERSION = YES;
				CLANG_WARN_DIRECT_OBJC_ISA_USAGE = YES_ERROR;
				CLANG_WARN_DOCUMENTATION_COMMENTS = YES;
				CLANG_WARN_EMPTY_BODY = YES;
				CLANG_WARN_ENUM_CONVERSION = YES;
				CLANG_WARN_INFINITE_RECURSION = YES;
				CLANG_WARN_INT_CONVERSION = YES;
				CLANG_WARN_NON_LITERAL_NULL_CONVERSION = YES;
				CLANG_WARN_OBJC_LITERAL_CONVERSION = YES;
				CLANG_WARN_OBJC_ROOT_CLASS = YES_ERROR;
				CLANG_WARN_RANGE_LOOP_ANALYSIS = YES;
				CLANG_WARN_STRICT_PROTOTYPES = YES;
				CLANG_WARN_SUSPICIOUS_MOVE = YES;
				CLANG_WARN_UNREACHABLE_CODE = YES;
				CLANG_WARN__DUPLICATE_METHOD_MATCH = YES;
				"CODE_SIGN_IDENTITY[sdk=iphoneos*]" = "iPhone Developer";
				COPY_PHASE_STRIP = NO;
				DEBUG_INFORMATION_FORMAT = "dwarf-with-dsym";
				ENABLE_NS_ASSERTIONS = NO;
				ENABLE_STRICT_OBJC_MSGSEND = YES;
				GCC_C_LANGUAGE_STANDARD = gnu99;
				GCC_NO_COMMON_BLOCKS = YES;
				GCC_WARN_64_TO_32_BIT_CONVERSION = YES;
				GCC_WARN_ABOUT_RETURN_TYPE = YES_ERROR;
				GCC_WARN_UNDECLARED_SELECTOR = YES;
				GCC_WARN_UNINITIALIZED_AUTOS = YES_AGGRESSIVE;
				GCC_WARN_UNUSED_FUNCTION = YES;
				GCC_WARN_UNUSED_VARIABLE = YES;
				IPHONEOS_DEPLOYMENT_TARGET = 11.2;
				MTL_ENABLE_DEBUG_INFO = NO;
				SDKROOT = iphoneos;
				SWIFT_OPTIMIZATION_LEVEL = "-Owholemodule";
				TARGETED_DEVICE_FAMILY = "1,2";
				VALIDATE_PRODUCT = YES;
			};
			name = Release;
		};
		842DB252204567F1004BDB3E /* Debug */ = {
			isa = XCBuildConfiguration;
			buildSettings = {
				ASSETCATALOG_COMPILER_APPICON_NAME = AppIcon;
				INFOPLIST_FILE = Udaan/Info.plist;
				LD_RUNPATH_SEARCH_PATHS = "$(inherited) @executable_path/Frameworks";
				PRODUCT_BUNDLE_IDENTIFIER = BVM.Udaan;
				PRODUCT_NAME = "$(TARGET_NAME)";
				SWIFT_SWIFT3_OBJC_INFERENCE = On;
				SWIFT_VERSION = 4.0;
			};
			name = Debug;
		};
		842DB253204567F1004BDB3E /* Release */ = {
			isa = XCBuildConfiguration;
			buildSettings = {
				ASSETCATALOG_COMPILER_APPICON_NAME = AppIcon;
				INFOPLIST_FILE = Udaan/Info.plist;
				LD_RUNPATH_SEARCH_PATHS = "$(inherited) @executable_path/Frameworks";
				PRODUCT_BUNDLE_IDENTIFIER = BVM.Udaan;
				PRODUCT_NAME = "$(TARGET_NAME)";
				SWIFT_SWIFT3_OBJC_INFERENCE = On;
				SWIFT_VERSION = 4.0;
			};
			name = Release;
		};
/* End XCBuildConfiguration section */

/* Begin XCConfigurationList section */
		842DB23A204567F1004BDB3E /* Build configuration list for PBXProject "Udaan" */ = {
			isa = XCConfigurationList;
			buildConfigurations = (
				842DB24F204567F1004BDB3E /* Debug */,
				842DB250204567F1004BDB3E /* Release */,
			);
			defaultConfigurationIsVisible = 0;
			defaultConfigurationName = Release;
		};
		842DB251204567F1004BDB3E /* Build configuration list for PBXNativeTarget "Udaan" */ = {
			isa = XCConfigurationList;
			buildConfigurations = (
				842DB252204567F1004BDB3E /* Debug */,
				842DB253204567F1004BDB3E /* Release */,
			);
			defaultConfigurationIsVisible = 0;
			defaultConfigurationName = Release;
		};
/* End XCConfigurationList section */
	};
	rootObject = 842DB237204567F1004BDB3E /* Project object */;
}
