// !$*UTF8*$!
{
	archiveVersion = 1;
	classes = {
	};
	objectVersion = 46;
	objects = {

/* Begin PBXBuildFile section */
		84031DC020599D2F00672A80 /* contactCell.swift in Sources */ = {isa = PBXBuildFile; fileRef = 84031DBF20599D2F00672A80 /* contactCell.swift */; };
		841154EE20506C59002ADD02 /* EventController.swift in Sources */ = {isa = PBXBuildFile; fileRef = 841154ED20506C59002ADD02 /* EventController.swift */; };
		8419BBB72063F9400094FAFB /* GoogleService-Info.plist in Resources */ = {isa = PBXBuildFile; fileRef = 8419BBB62063F93F0094FAFB /* GoogleService-Info.plist */; };
		842DB243204567F1004BDB3E /* AppDelegate.swift in Sources */ = {isa = PBXBuildFile; fileRef = 842DB242204567F1004BDB3E /* AppDelegate.swift */; };
		842DB248204567F1004BDB3E /* Main.storyboard in Resources */ = {isa = PBXBuildFile; fileRef = 842DB246204567F1004BDB3E /* Main.storyboard */; };
		842DB24A204567F1004BDB3E /* Assets.xcassets in Resources */ = {isa = PBXBuildFile; fileRef = 842DB249204567F1004BDB3E /* Assets.xcassets */; };
		842DB24D204567F1004BDB3E /* LaunchScreen.storyboard in Resources */ = {isa = PBXBuildFile; fileRef = 842DB24B204567F1004BDB3E /* LaunchScreen.storyboard */; };
		842DB25520456895004BDB3E /* model.swift in Sources */ = {isa = PBXBuildFile; fileRef = 842DB25420456895004BDB3E /* model.swift */; };
		842DB2572045689A004BDB3E /* fetchJson.swift in Sources */ = {isa = PBXBuildFile; fileRef = 842DB2562045689A004BDB3E /* fetchJson.swift */; };
		842DB25F20456979004BDB3E /* MainTabBarController.swift in Sources */ = {isa = PBXBuildFile; fileRef = 842DB25E20456979004BDB3E /* MainTabBarController.swift */; };
		842DB2612045699A004BDB3E /* EventTableViewController.swift in Sources */ = {isa = PBXBuildFile; fileRef = 842DB2602045699A004BDB3E /* EventTableViewController.swift */; };
		843E40C8204C4B4600F25E2C /* AboutUsViewController.swift in Sources */ = {isa = PBXBuildFile; fileRef = 843E40C7204C4B4600F25E2C /* AboutUsViewController.swift */; };
		8456A0202056BA4800EF2647 /* headsController.swift in Sources */ = {isa = PBXBuildFile; fileRef = 8456A01F2056BA4800EF2647 /* headsController.swift */; };
		8456A0222056BDE900EF2647 /* headsCell.swift in Sources */ = {isa = PBXBuildFile; fileRef = 8456A0212056BDE900EF2647 /* headsCell.swift */; };
		849E7140204D45E8002CEEB1 /* developerTableViewController.swift in Sources */ = {isa = PBXBuildFile; fileRef = 849E713F204D45E8002CEEB1 /* developerTableViewController.swift */; };
		849E7142204D4610002CEEB1 /* developerCell.swift in Sources */ = {isa = PBXBuildFile; fileRef = 849E7141204D4610002CEEB1 /* developerCell.swift */; };
		849E7144204D4744002CEEB1 /* developers.json in Resources */ = {isa = PBXBuildFile; fileRef = 849E7143204D4744002CEEB1 /* developers.json */; };
		849E7148204D7B6A002CEEB1 /* EventsController.swift in Sources */ = {isa = PBXBuildFile; fileRef = 849E7147204D7B6A002CEEB1 /* EventsController.swift */; };
		84A32DC3204DA80D006394E6 /* techCell.swift in Sources */ = {isa = PBXBuildFile; fileRef = 84A32DC2204DA80D006394E6 /* techCell.swift */; };
		84A32DC5204DA822006394E6 /* EventCell.swift in Sources */ = {isa = PBXBuildFile; fileRef = 84A32DC4204DA822006394E6 /* EventCell.swift */; };
		84A32DCB204DAFFF006394E6 /* techListController.swift in Sources */ = {isa = PBXBuildFile; fileRef = 84A32DCA204DAFFF006394E6 /* techListController.swift */; };
		84C2B5AF2045BB0B00DC27DF /* EventDepartmentTableViewCell.swift in Sources */ = {isa = PBXBuildFile; fileRef = 84C2B5AE2045BB0B00DC27DF /* EventDepartmentTableViewCell.swift */; };
		84E86577205598430082F583 /* colors.swift in Sources */ = {isa = PBXBuildFile; fileRef = 84E86576205598430082F583 /* colors.swift */; };
		84EC7B3D205CE23F002652D9 /* event-data.json in Resources */ = {isa = PBXBuildFile; fileRef = 84EC7B3C205CE23F002652D9 /* event-data.json */; };
		84EFFC60204BE45C002AF71C /* TeamTableViewController.swift in Sources */ = {isa = PBXBuildFile; fileRef = 84EFFC5F204BE45C002AF71C /* TeamTableViewController.swift */; };
		84EFFC62204BE4DD002AF71C /* team-udaan.json in Resources */ = {isa = PBXBuildFile; fileRef = 84EFFC61204BE4DC002AF71C /* team-udaan.json */; };
		84EFFC64204BEFC8002AF71C /* teamUdaanCell.swift in Sources */ = {isa = PBXBuildFile; fileRef = 84EFFC63204BEFC8002AF71C /* teamUdaanCell.swift */; };
/* End PBXBuildFile section */

/* Begin PBXFileReference section */
		84031DBF20599D2F00672A80 /* contactCell.swift */ = {isa = PBXFileReference; lastKnownFileType = sourcecode.swift; path = contactCell.swift; sourceTree = "<group>"; };
		841154ED20506C59002ADD02 /* EventController.swift */ = {isa = PBXFileReference; lastKnownFileType = sourcecode.swift; path = EventController.swift; sourceTree = "<group>"; };
		8419BBB62063F93F0094FAFB /* GoogleService-Info.plist */ = {isa = PBXFileReference; fileEncoding = 4; lastKnownFileType = text.plist.xml; path = "GoogleService-Info.plist"; sourceTree = "<group>"; };
		842DB23F204567F1004BDB3E /* Udaan18.app */ = {isa = PBXFileReference; explicitFileType = wrapper.application; includeInIndex = 0; path = Udaan18.app; sourceTree = BUILT_PRODUCTS_DIR; };
		842DB242204567F1004BDB3E /* AppDelegate.swift */ = {isa = PBXFileReference; lastKnownFileType = sourcecode.swift; path = AppDelegate.swift; sourceTree = "<group>"; };
		842DB247204567F1004BDB3E /* Base */ = {isa = PBXFileReference; lastKnownFileType = file.storyboard; name = Base; path = Base.lproj/Main.storyboard; sourceTree = "<group>"; };
		842DB249204567F1004BDB3E /* Assets.xcassets */ = {isa = PBXFileReference; lastKnownFileType = folder.assetcatalog; path = Assets.xcassets; sourceTree = "<group>"; };
		842DB24C204567F1004BDB3E /* Base */ = {isa = PBXFileReference; lastKnownFileType = file.storyboard; name = Base; path = Base.lproj/LaunchScreen.storyboard; sourceTree = "<group>"; };
		842DB24E204567F1004BDB3E /* Info.plist */ = {isa = PBXFileReference; lastKnownFileType = text.plist.xml; path = Info.plist; sourceTree = "<group>"; };
		842DB25420456895004BDB3E /* model.swift */ = {isa = PBXFileReference; fileEncoding = 4; lastKnownFileType = sourcecode.swift; path = model.swift; sourceTree = "<group>"; };
		842DB2562045689A004BDB3E /* fetchJson.swift */ = {isa = PBXFileReference; fileEncoding = 4; lastKnownFileType = sourcecode.swift; path = fetchJson.swift; sourceTree = "<group>"; };
		842DB25E20456979004BDB3E /* MainTabBarController.swift */ = {isa = PBXFileReference; fileEncoding = 4; lastKnownFileType = sourcecode.swift; path = MainTabBarController.swift; sourceTree = "<group>"; };
		842DB2602045699A004BDB3E /* EventTableViewController.swift */ = {isa = PBXFileReference; fileEncoding = 4; lastKnownFileType = sourcecode.swift; path = EventTableViewController.swift; sourceTree = "<group>"; };
		843E40C7204C4B4600F25E2C /* AboutUsViewController.swift */ = {isa = PBXFileReference; lastKnownFileType = sourcecode.swift; path = AboutUsViewController.swift; sourceTree = "<group>"; };
		8456A01F2056BA4800EF2647 /* headsController.swift */ = {isa = PBXFileReference; lastKnownFileType = sourcecode.swift; path = headsController.swift; sourceTree = "<group>"; };
		8456A0212056BDE900EF2647 /* headsCell.swift */ = {isa = PBXFileReference; lastKnownFileType = sourcecode.swift; path = headsCell.swift; sourceTree = "<group>"; };
		849E713F204D45E8002CEEB1 /* developerTableViewController.swift */ = {isa = PBXFileReference; lastKnownFileType = sourcecode.swift; path = developerTableViewController.swift; sourceTree = "<group>"; };
		849E7141204D4610002CEEB1 /* developerCell.swift */ = {isa = PBXFileReference; lastKnownFileType = sourcecode.swift; path = developerCell.swift; sourceTree = "<group>"; };
		849E7143204D4744002CEEB1 /* developers.json */ = {isa = PBXFileReference; fileEncoding = 4; lastKnownFileType = text.json; path = developers.json; sourceTree = "<group>"; };
		849E7147204D7B6A002CEEB1 /* EventsController.swift */ = {isa = PBXFileReference; lastKnownFileType = sourcecode.swift; path = EventsController.swift; sourceTree = "<group>"; };
		84A32DC2204DA80D006394E6 /* techCell.swift */ = {isa = PBXFileReference; lastKnownFileType = sourcecode.swift; path = techCell.swift; sourceTree = "<group>"; };
		84A32DC4204DA822006394E6 /* EventCell.swift */ = {isa = PBXFileReference; lastKnownFileType = sourcecode.swift; path = EventCell.swift; sourceTree = "<group>"; tabWidth = 4; };
		84A32DCA204DAFFF006394E6 /* techListController.swift */ = {isa = PBXFileReference; lastKnownFileType = sourcecode.swift; path = techListController.swift; sourceTree = "<group>"; };
		84C2B5AE2045BB0B00DC27DF /* EventDepartmentTableViewCell.swift */ = {isa = PBXFileReference; fileEncoding = 4; lastKnownFileType = sourcecode.swift; path = EventDepartmentTableViewCell.swift; sourceTree = "<group>"; };
		84E86576205598430082F583 /* colors.swift */ = {isa = PBXFileReference; lastKnownFileType = sourcecode.swift; path = colors.swift; sourceTree = "<group>"; };
		84EC7B3C205CE23F002652D9 /* event-data.json */ = {isa = PBXFileReference; lastKnownFileType = text.json; path = "event-data.json"; sourceTree = "<group>"; };
		84EFFC5F204BE45C002AF71C /* TeamTableViewController.swift */ = {isa = PBXFileReference; lastKnownFileType = sourcecode.swift; path = TeamTableViewController.swift; sourceTree = "<group>"; };
		84EFFC61204BE4DC002AF71C /* team-udaan.json */ = {isa = PBXFileReference; fileEncoding = 4; lastKnownFileType = text.json; path = "team-udaan.json"; sourceTree = "<group>"; };
		84EFFC63204BEFC8002AF71C /* teamUdaanCell.swift */ = {isa = PBXFileReference; lastKnownFileType = sourcecode.swift; path = teamUdaanCell.swift; sourceTree = "<group>"; };
/* End PBXFileReference section */

/* Begin PBXFrameworksBuildPhase section */
		842DB23C204567F1004BDB3E /* Frameworks */ = {
			isa = PBXFrameworksBuildPhase;
			buildActionMask = 2147483647;
			files = (
			);
			runOnlyForDeploymentPostprocessing = 0;
		};
/* End PBXFrameworksBuildPhase section */

/* Begin PBXGroup section */
		842DB236204567F1004BDB3E = {
			isa = PBXGroup;
			children = (
				842DB241204567F1004BDB3E /* Udaan18 */,
				842DB240204567F1004BDB3E /* Products */,
			);
			sourceTree = "<group>";
		};
		842DB240204567F1004BDB3E /* Products */ = {
			isa = PBXGroup;
			children = (
				842DB23F204567F1004BDB3E /* Udaan18.app */,
			);
			name = Products;
			sourceTree = "<group>";
		};
		842DB241204567F1004BDB3E /* Udaan18 */ = {
			isa = PBXGroup;
			children = (
				84F714A5204D168800183DB3 /* Supporting files */,
				84F714A4204D164900183DB3 /* Jsons */,
				842DB25A204568C7004BDB3E /* Views */,
				842DB25B204568E2004BDB3E /* Controllers */,
				842DB259204568AF004BDB3E /* Models */,
			);
			path = Udaan18;
			sourceTree = "<group>";
		};
		842DB259204568AF004BDB3E /* Models */ = {
			isa = PBXGroup;
			children = (
				842DB2562045689A004BDB3E /* fetchJson.swift */,
				84E86576205598430082F583 /* colors.swift */,
				842DB25420456895004BDB3E /* model.swift */,
			);
			name = Models;
			sourceTree = "<group>";
		};
		842DB25A204568C7004BDB3E /* Views */ = {
			isa = PBXGroup;
			children = (
				842DB246204567F1004BDB3E /* Main.storyboard */,
				842DB24B204567F1004BDB3E /* LaunchScreen.storyboard */,
			);
			name = Views;
			sourceTree = "<group>";
		};
		842DB25B204568E2004BDB3E /* Controllers */ = {
			isa = PBXGroup;
			children = (
				842DB25E20456979004BDB3E /* MainTabBarController.swift */,
				842DB2602045699A004BDB3E /* EventTableViewController.swift */,
				84A32DCA204DAFFF006394E6 /* techListController.swift */,
				8456A01F2056BA4800EF2647 /* headsController.swift */,
				841154ED20506C59002ADD02 /* EventController.swift */,
				849E7147204D7B6A002CEEB1 /* EventsController.swift */,
				84EFFC5F204BE45C002AF71C /* TeamTableViewController.swift */,
				849E713F204D45E8002CEEB1 /* developerTableViewController.swift */,
				843E40C7204C4B4600F25E2C /* AboutUsViewController.swift */,
				84F714A6204D16A800183DB3 /* Cells */,
			);
			name = Controllers;
			sourceTree = "<group>";
		};
		84F714A4204D164900183DB3 /* Jsons */ = {
			isa = PBXGroup;
			children = (
				84EC7B3C205CE23F002652D9 /* event-data.json */,
				849E7143204D4744002CEEB1 /* developers.json */,
				84EFFC61204BE4DC002AF71C /* team-udaan.json */,
			);
			name = Jsons;
			sourceTree = "<group>";
		};
		84F714A5204D168800183DB3 /* Supporting files */ = {
			isa = PBXGroup;
			children = (
				842DB242204567F1004BDB3E /* AppDelegate.swift */,
				842DB249204567F1004BDB3E /* Assets.xcassets */,
				842DB24E204567F1004BDB3E /* Info.plist */,
				8419BBB62063F93F0094FAFB /* GoogleService-Info.plist */,
			);
			name = "Supporting files";
			sourceTree = "<group>";
		};
		84F714A6204D16A800183DB3 /* Cells */ = {
			isa = PBXGroup;
			children = (
				84C2B5AE2045BB0B00DC27DF /* EventDepartmentTableViewCell.swift */,
				84A32DC2204DA80D006394E6 /* techCell.swift */,
				8456A0212056BDE900EF2647 /* headsCell.swift */,
				84031DBF20599D2F00672A80 /* contactCell.swift */,
				84A32DC4204DA822006394E6 /* EventCell.swift */,
				84EFFC63204BEFC8002AF71C /* teamUdaanCell.swift */,
				849E7141204D4610002CEEB1 /* developerCell.swift */,
			);
			name = Cells;
			sourceTree = "<group>";
		};
/* End PBXGroup section */

/* Begin PBXNativeTarget section */
		842DB23E204567F1004BDB3E /* Udaan18 */ = {
			isa = PBXNativeTarget;
			buildConfigurationList = 842DB251204567F1004BDB3E /* Build configuration list for PBXNativeTarget "Udaan18" */;
			buildPhases = (
				842DB23B204567F1004BDB3E /* Sources */,
				842DB23C204567F1004BDB3E /* Frameworks */,
				842DB23D204567F1004BDB3E /* Resources */,
			);
			buildRules = (
			);
			dependencies = (
			);
			name = Udaan18;
			productName = Udaan;
			productReference = 842DB23F204567F1004BDB3E /* Udaan18.app */;
			productType = "com.apple.product-type.application";
		};
/* End PBXNativeTarget section */

/* Begin PBXProject section */
		842DB237204567F1004BDB3E /* Project object */ = {
			isa = PBXProject;
			attributes = {
				CLASSPREFIX = com;
				KnownAssetTags = (
					New,
				);
				LastSwiftUpdateCheck = 0830;
				LastUpgradeCheck = 0920;
				ORGANIZATIONNAME = BVM;
				TargetAttributes = {
					842DB23E204567F1004BDB3E = {
						CreatedOnToolsVersion = 8.3.3;
						DevelopmentTeam = CVUL86K9SV;
						LastSwiftMigration = 0920;
						ProvisioningStyle = Automatic;
					};
				};
			};
			buildConfigurationList = 842DB23A204567F1004BDB3E /* Build configuration list for PBXProject "Udaan18" */;
			compatibilityVersion = "Xcode 3.2";
			developmentRegion = English;
			hasScannedForEncodings = 0;
			knownRegions = (
				en,
				Base,
			);
			mainGroup = 842DB236204567F1004BDB3E;
			productRefGroup = 842DB240204567F1004BDB3E /* Products */;
			projectDirPath = "";
			projectRoot = "";
			targets = (
				842DB23E204567F1004BDB3E /* Udaan18 */,
			);
		};
/* End PBXProject section */

/* Begin PBXResourcesBuildPhase section */
		842DB23D204567F1004BDB3E /* Resources */ = {
			isa = PBXResourcesBuildPhase;
			buildActionMask = 2147483647;
			files = (
				842DB24D204567F1004BDB3E /* LaunchScreen.storyboard in Resources */,
				849E7144204D4744002CEEB1 /* developers.json in Resources */,
				84EC7B3D205CE23F002652D9 /* event-data.json in Resources */,
				842DB24A204567F1004BDB3E /* Assets.xcassets in Resources */,
				84EFFC62204BE4DD002AF71C /* team-udaan.json in Resources */,
				842DB248204567F1004BDB3E /* Main.storyboard in Resources */,
				8419BBB72063F9400094FAFB /* GoogleService-Info.plist in Resources */,
			);
			runOnlyForDeploymentPostprocessing = 0;
		};
/* End PBXResourcesBuildPhase section */

/* Begin PBXSourcesBuildPhase section */
		842DB23B204567F1004BDB3E /* Sources */ = {
			isa = PBXSourcesBuildPhase;
			buildActionMask = 2147483647;
			files = (
				84E86577205598430082F583 /* colors.swift in Sources */,
				84C2B5AF2045BB0B00DC27DF /* EventDepartmentTableViewCell.swift in Sources */,
				842DB25520456895004BDB3E /* model.swift in Sources */,
				842DB25F20456979004BDB3E /* MainTabBarController.swift in Sources */,
				849E7148204D7B6A002CEEB1 /* EventsController.swift in Sources */,
				84EFFC60204BE45C002AF71C /* TeamTableViewController.swift in Sources */,
				849E7140204D45E8002CEEB1 /* developerTableViewController.swift in Sources */,
				84031DC020599D2F00672A80 /* contactCell.swift in Sources */,
				841154EE20506C59002ADD02 /* EventController.swift in Sources */,
				84A32DC5204DA822006394E6 /* EventCell.swift in Sources */,
				8456A0202056BA4800EF2647 /* headsController.swift in Sources */,
				849E7142204D4610002CEEB1 /* developerCell.swift in Sources */,
				8456A0222056BDE900EF2647 /* headsCell.swift in Sources */,
				842DB2572045689A004BDB3E /* fetchJson.swift in Sources */,
				842DB2612045699A004BDB3E /* EventTableViewController.swift in Sources */,
				84EFFC64204BEFC8002AF71C /* teamUdaanCell.swift in Sources */,
				843E40C8204C4B4600F25E2C /* AboutUsViewController.swift in Sources */,
				842DB243204567F1004BDB3E /* AppDelegate.swift in Sources */,
				84A32DCB204DAFFF006394E6 /* techListController.swift in Sources */,
				84A32DC3204DA80D006394E6 /* techCell.swift in Sources */,
			);
			runOnlyForDeploymentPostprocessing = 0;
		};
/* End PBXSourcesBuildPhase section */

/* Begin PBXVariantGroup section */
		842DB246204567F1004BDB3E /* Main.storyboard */ = {
			isa = PBXVariantGroup;
			children = (
				842DB247204567F1004BDB3E /* Base */,
			);
			name = Main.storyboard;
			sourceTree = "<group>";
		};
		842DB24B204567F1004BDB3E /* LaunchScreen.storyboard */ = {
			isa = PBXVariantGroup;
			children = (
				842DB24C204567F1004BDB3E /* Base */,
			);
			name = LaunchScreen.storyboard;
			sourceTree = "<group>";
		};
/* End PBXVariantGroup section */

/* Begin XCBuildConfiguration section */
		842DB24F204567F1004BDB3E /* Debug */ = {
			isa = XCBuildConfiguration;
			buildSettings = {
				ALWAYS_SEARCH_USER_PATHS = NO;
				CLANG_ANALYZER_NONNULL = YES;
				CLANG_ANALYZER_NUMBER_OBJECT_CONVERSION = YES_AGGRESSIVE;
				CLANG_CXX_LANGUAGE_STANDARD = "gnu++0x";
				CLANG_CXX_LIBRARY = "libc++";
				CLANG_ENABLE_MODULES = YES;
				CLANG_ENABLE_OBJC_ARC = YES;
				CLANG_WARN_BLOCK_CAPTURE_AUTORELEASING = YES;
				CLANG_WARN_BOOL_CONVERSION = YES;
				CLANG_WARN_COMMA = YES;
				CLANG_WARN_CONSTANT_CONVERSION = YES;
				CLANG_WARN_DIRECT_OBJC_ISA_USAGE = YES_ERROR;
				CLANG_WARN_DOCUMENTATION_COMMENTS = YES;
				CLANG_WARN_EMPTY_BODY = YES;
				CLANG_WARN_ENUM_CONVERSION = YES;
				CLANG_WARN_INFINITE_RECURSION = YES;
				CLANG_WARN_INT_CONVERSION = YES;
				CLANG_WARN_NON_LITERAL_NULL_CONVERSION = YES;
				CLANG_WARN_OBJC_LITERAL_CONVERSION = YES;
				CLANG_WARN_OBJC_ROOT_CLASS = YES_ERROR;
				CLANG_WARN_RANGE_LOOP_ANALYSIS = YES;
				CLANG_WARN_STRICT_PROTOTYPES = YES;
				CLANG_WARN_SUSPICIOUS_MOVE = YES;
				CLANG_WARN_UNREACHABLE_CODE = YES;
				CLANG_WARN__DUPLICATE_METHOD_MATCH = YES;
				CODE_SIGN_IDENTITY = "iPhone Developer";
				"CODE_SIGN_IDENTITY[sdk=iphoneos11.2]" = "iPhone Developer";
				COPY_PHASE_STRIP = NO;
				DEBUG_INFORMATION_FORMAT = dwarf;
				ENABLE_STRICT_OBJC_MSGSEND = YES;
				ENABLE_TESTABILITY = YES;
				GCC_C_LANGUAGE_STANDARD = gnu99;
				GCC_DYNAMIC_NO_PIC = NO;
				GCC_NO_COMMON_BLOCKS = YES;
				GCC_OPTIMIZATION_LEVEL = 0;
				GCC_PREPROCESSOR_DEFINITIONS = (
					"DEBUG=1",
					"$(inherited)",
				);
				GCC_WARN_64_TO_32_BIT_CONVERSION = YES;
				GCC_WARN_ABOUT_RETURN_TYPE = YES_ERROR;
				GCC_WARN_UNDECLARED_SELECTOR = YES;
				GCC_WARN_UNINITIALIZED_AUTOS = YES_AGGRESSIVE;
				GCC_WARN_UNUSED_FUNCTION = YES;
				GCC_WARN_UNUSED_VARIABLE = YES;
				IPHONEOS_DEPLOYMENT_TARGET = 11.2;
				MTL_ENABLE_DEBUG_INFO = YES;
				ONLY_ACTIVE_ARCH = YES;
				SDKROOT = iphoneos;
				SWIFT_ACTIVE_COMPILATION_CONDITIONS = DEBUG;
				SWIFT_OPTIMIZATION_LEVEL = "-Onone";
				TARGETED_DEVICE_FAMILY = "1,2";
			};
			name = Debug;
		};
		842DB250204567F1004BDB3E /* Release */ = {
			isa = XCBuildConfiguration;
			buildSettings = {
				ALWAYS_SEARCH_USER_PATHS = NO;
				CLANG_ANALYZER_NONNULL = YES;
				CLANG_ANALYZER_NUMBER_OBJECT_CONVERSION = YES_AGGRESSIVE;
				CLANG_CXX_LANGUAGE_STANDARD = "gnu++0x";
				CLANG_CXX_LIBRARY = "libc++";
				CLANG_ENABLE_MODULES = YES;
				CLANG_ENABLE_OBJC_ARC = YES;
				CLANG_WARN_BLOCK_CAPTURE_AUTORELEASING = YES;
				CLANG_WARN_BOOL_CONVERSION = YES;
				CLANG_WARN_COMMA = YES;
				CLANG_WARN_CONSTANT_CONVERSION = YES;
				CLANG_WARN_DIRECT_OBJC_ISA_USAGE = YES_ERROR;
				CLANG_WARN_DOCUMENTATION_COMMENTS = YES;
				CLANG_WARN_EMPTY_BODY = YES;
				CLANG_WARN_ENUM_CONVERSION = YES;
				CLANG_WARN_INFINITE_RECURSION = YES;
				CLANG_WARN_INT_CONVERSION = YES;
				CLANG_WARN_NON_LITERAL_NULL_CONVERSION = YES;
				CLANG_WARN_OBJC_LITERAL_CONVERSION = YES;
				CLANG_WARN_OBJC_ROOT_CLASS = YES_ERROR;
				CLANG_WARN_RANGE_LOOP_ANALYSIS = YES;
				CLANG_WARN_STRICT_PROTOTYPES = YES;
				CLANG_WARN_SUSPICIOUS_MOVE = YES;
				CLANG_WARN_UNREACHABLE_CODE = YES;
				CLANG_WARN__DUPLICATE_METHOD_MATCH = YES;
				CODE_SIGN_IDENTITY = "iPhone Developer";
				"CODE_SIGN_IDENTITY[sdk=iphoneos11.2]" = "iPhone Developer";
				COPY_PHASE_STRIP = NO;
				DEBUG_INFORMATION_FORMAT = "dwarf-with-dsym";
				ENABLE_NS_ASSERTIONS = NO;
				ENABLE_STRICT_OBJC_MSGSEND = YES;
				GCC_C_LANGUAGE_STANDARD = gnu99;
				GCC_NO_COMMON_BLOCKS = YES;
				GCC_WARN_64_TO_32_BIT_CONVERSION = YES;
				GCC_WARN_ABOUT_RETURN_TYPE = YES_ERROR;
				GCC_WARN_UNDECLARED_SELECTOR = YES;
				GCC_WARN_UNINITIALIZED_AUTOS = YES_AGGRESSIVE;
				GCC_WARN_UNUSED_FUNCTION = YES;
				GCC_WARN_UNUSED_VARIABLE = YES;
				IPHONEOS_DEPLOYMENT_TARGET = 11.2;
				MTL_ENABLE_DEBUG_INFO = NO;
				ONLY_ACTIVE_ARCH = YES;
				SDKROOT = iphoneos;
				SWIFT_OPTIMIZATION_LEVEL = "-Owholemodule";
				TARGETED_DEVICE_FAMILY = "1,2";
				VALIDATE_PRODUCT = YES;
			};
			name = Release;
		};
		842DB252204567F1004BDB3E /* Debug */ = {
			isa = XCBuildConfiguration;
			buildSettings = {
				ASSETCATALOG_COMPILER_APPICON_NAME = AppIcon;
				DEVELOPMENT_TEAM = CVUL86K9SV;
				INFOPLIST_FILE = "$(SRCROOT)/Udaan18/Info.plist";
				IPHONEOS_DEPLOYMENT_TARGET = 11.2;
				LD_RUNPATH_SEARCH_PATHS = "$(inherited) @executable_path/Frameworks";
				PRODUCT_BUNDLE_IDENTIFIER = "com.developer-team.udaan18";
				PRODUCT_NAME = "$(TARGET_NAME)";
				SWIFT_SWIFT3_OBJC_INFERENCE = On;
				SWIFT_VERSION = 4.0;
				TARGETED_DEVICE_FAMILY = 1;
			};
			name = Debug;
		};
		842DB253204567F1004BDB3E /* Release */ = {
			isa = XCBuildConfiguration;
			buildSettings = {
				ASSETCATALOG_COMPILER_APPICON_NAME = AppIcon;
				DEVELOPMENT_TEAM = CVUL86K9SV;
				INFOPLIST_FILE = "$(SRCROOT)/Udaan18/Info.plist";
				IPHONEOS_DEPLOYMENT_TARGET = 11.2;
				LD_RUNPATH_SEARCH_PATHS = "$(inherited) @executable_path/Frameworks";
				PRODUCT_BUNDLE_IDENTIFIER = "com.developer-team.udaan18";
				PRODUCT_NAME = "$(TARGET_NAME)";
				SWIFT_SWIFT3_OBJC_INFERENCE = On;
				SWIFT_VERSION = 4.0;
				TARGETED_DEVICE_FAMILY = 1;
			};
			name = Release;
		};
/* End XCBuildConfiguration section */

/* Begin XCConfigurationList section */
		842DB23A204567F1004BDB3E /* Build configuration list for PBXProject "Udaan18" */ = {
			isa = XCConfigurationList;
			buildConfigurations = (
				842DB24F204567F1004BDB3E /* Debug */,
				842DB250204567F1004BDB3E /* Release */,
			);
			defaultConfigurationIsVisible = 0;
			defaultConfigurationName = Release;
		};
		842DB251204567F1004BDB3E /* Build configuration list for PBXNativeTarget "Udaan18" */ = {
			isa = XCConfigurationList;
			buildConfigurations = (
				842DB252204567F1004BDB3E /* Debug */,
				842DB253204567F1004BDB3E /* Release */,
			);
			defaultConfigurationIsVisible = 0;
			defaultConfigurationName = Release;
		};
/* End XCConfigurationList section */
	};
	rootObject = 842DB237204567F1004BDB3E /* Project object */;
}
